
Microsoft Visual Studio Solution File, Format Version 10.00
# Visual Web Developer Express 2008
Project("{FAE04EC0-301F-11D3-BF4B-00C04F79EFBC}") = "DCECourseEditor", "DceCourseEditor\DCECourseEditor.csproj", "{F0BA8B4B-E344-4E2D-8748-E6E81B059AB9}"
EndProject
Project("{FAE04EC0-301F-11D3-BF4B-00C04F79EFBC}") = "DCEInternalSystem", "DceInternalSystem\DCEInternalSystem.csproj", "{1D8BDA3B-F6C5-4B64-AE5D-52AB6A476522}"
EndProject
Project("{FAE04EC0-301F-11D3-BF4B-00C04F79EFBC}") = "N2.Lms", "Convert\N2.Lms.csproj", "{BEC90853-2BB6-45E7-BCDB-E26CFF8139A6}"
EndProject
Project("{FAE04EC0-301F-11D3-BF4B-00C04F79EFBC}") = "Tools", "Tools\Tools.csproj", "{4F7EC6A5-6048-4FB7-B76E-1BC045857145}"
EndProject
Project("{FAE04EC0-301F-11D3-BF4B-00C04F79EFBC}") = "N2.Futures.Tests", "N2.Futures.Tests\N2.Futures.Tests.csproj", "{2212CEDF-8C0C-4D25-B80B-9D96B1589CA2}"
EndProject
Project("{FAE04EC0-301F-11D3-BF4B-00C04F79EFBC}") = "N2.Futures", "N2.Futures\N2.Futures.csproj", "{C76C97D0-BE58-46C4-9B27-F3E6AB5EAE8E}"
EndProject
Project("{FAE04EC0-301F-11D3-BF4B-00C04F79EFBC}") = "N2.Workflow", "N2.Workflow\N2.Workflow.csproj", "{2653FB6B-9E76-45B3-94D4-BBDC56B6D68F}"
EndProject
Project("{FAE04EC0-301F-11D3-BF4B-00C04F79EFBC}") = "N2.Workflow.Tests", "N2.Workflow.Tests\N2.Workflow.Tests.csproj", "{F57F9879-F75B-447E-A523-FF3F95A99801}"
EndProject
Project("{FAE04EC0-301F-11D3-BF4B-00C04F79EFBC}") = "N2.Messaging", "N2.Messaging\N2.Messaging.csproj", "{38548097-B909-4682-A9F3-A33719A38CC6}"
EndProject
Project("{FAE04EC0-301F-11D3-BF4B-00C04F79EFBC}") = "LmsWeb", "LmsWeb\LmsWeb.csproj", "{F919C042-6130-4EE7-9C24-743947E63B4D}"
EndProject
Project("{FAE04EC0-301F-11D3-BF4B-00C04F79EFBC}") = "MessagingWeb", "LmsWeb\MessagingWeb.csproj", "{95F250AA-5E8C-4FD6-93B4-7497C6991394}"
EndProject
Project("{FAE04EC0-301F-11D3-BF4B-00C04F79EFBC}") = "CalendarWeb", "LmsWeb\CalendarWeb.csproj", "{26EAB178-6730-4B47-8514-C7926D2C7A11}"
EndProject
Project("{FAE04EC0-301F-11D3-BF4B-00C04F79EFBC}") = "N2.ACalendar", "ACalendar\N2.ACalendar.csproj", "{08BB3289-C88F-4F23-A021-52BFE895FAC8}"
EndProject
Global
	GlobalSection(SolutionConfigurationPlatforms) = preSolution
		Debug|.NET = Debug|.NET
		Debug|Any CPU = Debug|Any CPU
		Debug|Mixed Platforms = Debug|Mixed Platforms
		DL Server Deployment|.NET = DL Server Deployment|.NET
		DL Server Deployment|Any CPU = DL Server Deployment|Any CPU
		DL Server Deployment|Mixed Platforms = DL Server Deployment|Mixed Platforms
		Local deployment|.NET = Local deployment|.NET
		Local deployment|Any CPU = Local deployment|Any CPU
		Local deployment|Mixed Platforms = Local deployment|Mixed Platforms
		Release|.NET = Release|.NET
		Release|Any CPU = Release|Any CPU
		Release|Mixed Platforms = Release|Mixed Platforms
	EndGlobalSection
	GlobalSection(ProjectConfigurationPlatforms) = postSolution
		{F0BA8B4B-E344-4E2D-8748-E6E81B059AB9}.Debug|.NET.ActiveCfg = Debug|Any CPU
		{F0BA8B4B-E344-4E2D-8748-E6E81B059AB9}.Debug|.NET.Build.0 = Debug|Any CPU
		{F0BA8B4B-E344-4E2D-8748-E6E81B059AB9}.Debug|Any CPU.ActiveCfg = Debug|Any CPU
		{F0BA8B4B-E344-4E2D-8748-E6E81B059AB9}.Debug|Any CPU.Build.0 = Debug|Any CPU
		{F0BA8B4B-E344-4E2D-8748-E6E81B059AB9}.Debug|Mixed Platforms.ActiveCfg = Debug|Any CPU
		{F0BA8B4B-E344-4E2D-8748-E6E81B059AB9}.Debug|Mixed Platforms.Build.0 = Debug|Any CPU
		{F0BA8B4B-E344-4E2D-8748-E6E81B059AB9}.DL Server Deployment|.NET.ActiveCfg = Debug|Any CPU
		{F0BA8B4B-E344-4E2D-8748-E6E81B059AB9}.DL Server Deployment|Any CPU.ActiveCfg = DL Server Deployment|Any CPU
		{F0BA8B4B-E344-4E2D-8748-E6E81B059AB9}.DL Server Deployment|Any CPU.Build.0 = DL Server Deployment|Any CPU
		{F0BA8B4B-E344-4E2D-8748-E6E81B059AB9}.DL Server Deployment|Mixed Platforms.ActiveCfg = DL Server Deployment|Any CPU
		{F0BA8B4B-E344-4E2D-8748-E6E81B059AB9}.Local deployment|.NET.ActiveCfg = Debug|Any CPU
		{F0BA8B4B-E344-4E2D-8748-E6E81B059AB9}.Local deployment|Any CPU.ActiveCfg = Local deployment|Any CPU
		{F0BA8B4B-E344-4E2D-8748-E6E81B059AB9}.Local deployment|Any CPU.Build.0 = Local deployment|Any CPU
		{F0BA8B4B-E344-4E2D-8748-E6E81B059AB9}.Local deployment|Mixed Platforms.ActiveCfg = Local deployment|Any CPU
		{F0BA8B4B-E344-4E2D-8748-E6E81B059AB9}.Release|.NET.ActiveCfg = Release|Any CPU
		{F0BA8B4B-E344-4E2D-8748-E6E81B059AB9}.Release|Any CPU.ActiveCfg = Release|Any CPU
		{F0BA8B4B-E344-4E2D-8748-E6E81B059AB9}.Release|Any CPU.Build.0 = Release|Any CPU
		{F0BA8B4B-E344-4E2D-8748-E6E81B059AB9}.Release|Mixed Platforms.ActiveCfg = Release|Any CPU
		{F0BA8B4B-E344-4E2D-8748-E6E81B059AB9}.Release|Mixed Platforms.Build.0 = Release|Any CPU
		{1D8BDA3B-F6C5-4B64-AE5D-52AB6A476522}.Debug|.NET.ActiveCfg = Debug|Any CPU
		{1D8BDA3B-F6C5-4B64-AE5D-52AB6A476522}.Debug|.NET.Build.0 = Debug|Any CPU
		{1D8BDA3B-F6C5-4B64-AE5D-52AB6A476522}.Debug|Any CPU.ActiveCfg = Debug|Any CPU
		{1D8BDA3B-F6C5-4B64-AE5D-52AB6A476522}.Debug|Any CPU.Build.0 = Debug|Any CPU
		{1D8BDA3B-F6C5-4B64-AE5D-52AB6A476522}.Debug|Mixed Platforms.ActiveCfg = Debug|Any CPU
		{1D8BDA3B-F6C5-4B64-AE5D-52AB6A476522}.Debug|Mixed Platforms.Build.0 = Debug|Any CPU
		{1D8BDA3B-F6C5-4B64-AE5D-52AB6A476522}.DL Server Deployment|.NET.ActiveCfg = Debug|Any CPU
		{1D8BDA3B-F6C5-4B64-AE5D-52AB6A476522}.DL Server Deployment|Any CPU.ActiveCfg = DL Server Deployment|Any CPU
		{1D8BDA3B-F6C5-4B64-AE5D-52AB6A476522}.DL Server Deployment|Any CPU.Build.0 = DL Server Deployment|Any CPU
		{1D8BDA3B-F6C5-4B64-AE5D-52AB6A476522}.DL Server Deployment|Mixed Platforms.ActiveCfg = DL Server Deployment|Any CPU
		{1D8BDA3B-F6C5-4B64-AE5D-52AB6A476522}.Local deployment|.NET.ActiveCfg = Debug|Any CPU
		{1D8BDA3B-F6C5-4B64-AE5D-52AB6A476522}.Local deployment|Any CPU.ActiveCfg = Local deployment|Any CPU
		{1D8BDA3B-F6C5-4B64-AE5D-52AB6A476522}.Local deployment|Any CPU.Build.0 = Local deployment|Any CPU
		{1D8BDA3B-F6C5-4B64-AE5D-52AB6A476522}.Local deployment|Mixed Platforms.ActiveCfg = Local deployment|Any CPU
		{1D8BDA3B-F6C5-4B64-AE5D-52AB6A476522}.Release|.NET.ActiveCfg = Release|Any CPU
		{1D8BDA3B-F6C5-4B64-AE5D-52AB6A476522}.Release|Any CPU.ActiveCfg = Release|Any CPU
		{1D8BDA3B-F6C5-4B64-AE5D-52AB6A476522}.Release|Any CPU.Build.0 = Release|Any CPU
		{1D8BDA3B-F6C5-4B64-AE5D-52AB6A476522}.Release|Mixed Platforms.ActiveCfg = Release|Any CPU
		{1D8BDA3B-F6C5-4B64-AE5D-52AB6A476522}.Release|Mixed Platforms.Build.0 = Release|Any CPU
		{BEC90853-2BB6-45E7-BCDB-E26CFF8139A6}.Debug|.NET.ActiveCfg = Debug|Any CPU
		{BEC90853-2BB6-45E7-BCDB-E26CFF8139A6}.Debug|Any CPU.ActiveCfg = Debug|Any CPU
		{BEC90853-2BB6-45E7-BCDB-E26CFF8139A6}.Debug|Any CPU.Build.0 = Debug|Any CPU
		{BEC90853-2BB6-45E7-BCDB-E26CFF8139A6}.Debug|Mixed Platforms.ActiveCfg = Debug|Any CPU
		{BEC90853-2BB6-45E7-BCDB-E26CFF8139A6}.Debug|Mixed Platforms.Build.0 = Debug|Any CPU
		{BEC90853-2BB6-45E7-BCDB-E26CFF8139A6}.DL Server Deployment|.NET.ActiveCfg = Debug|Any CPU
		{BEC90853-2BB6-45E7-BCDB-E26CFF8139A6}.DL Server Deployment|Any CPU.ActiveCfg = Debug|Any CPU
		{BEC90853-2BB6-45E7-BCDB-E26CFF8139A6}.DL Server Deployment|Any CPU.Build.0 = Debug|Any CPU
		{BEC90853-2BB6-45E7-BCDB-E26CFF8139A6}.DL Server Deployment|Mixed Platforms.ActiveCfg = Debug|Any CPU
		{BEC90853-2BB6-45E7-BCDB-E26CFF8139A6}.DL Server Deployment|Mixed Platforms.Build.0 = Debug|Any CPU
		{BEC90853-2BB6-45E7-BCDB-E26CFF8139A6}.Local deployment|.NET.ActiveCfg = Release|Any CPU
		{BEC90853-2BB6-45E7-BCDB-E26CFF8139A6}.Local deployment|Any CPU.ActiveCfg = Release|Any CPU
		{BEC90853-2BB6-45E7-BCDB-E26CFF8139A6}.Local deployment|Any CPU.Build.0 = Release|Any CPU
		{BEC90853-2BB6-45E7-BCDB-E26CFF8139A6}.Local deployment|Mixed Platforms.ActiveCfg = Release|Any CPU
		{BEC90853-2BB6-45E7-BCDB-E26CFF8139A6}.Local deployment|Mixed Platforms.Build.0 = Release|Any CPU
		{BEC90853-2BB6-45E7-BCDB-E26CFF8139A6}.Release|.NET.ActiveCfg = Release|Any CPU
		{BEC90853-2BB6-45E7-BCDB-E26CFF8139A6}.Release|Any CPU.ActiveCfg = Release|Any CPU
		{BEC90853-2BB6-45E7-BCDB-E26CFF8139A6}.Release|Any CPU.Build.0 = Release|Any CPU
		{BEC90853-2BB6-45E7-BCDB-E26CFF8139A6}.Release|Mixed Platforms.ActiveCfg = Release|Any CPU
		{BEC90853-2BB6-45E7-BCDB-E26CFF8139A6}.Release|Mixed Platforms.Build.0 = Release|Any CPU
		{4F7EC6A5-6048-4FB7-B76E-1BC045857145}.Debug|.NET.ActiveCfg = Debug|Any CPU
		{4F7EC6A5-6048-4FB7-B76E-1BC045857145}.Debug|Any CPU.ActiveCfg = Debug|Any CPU
		{4F7EC6A5-6048-4FB7-B76E-1BC045857145}.Debug|Any CPU.Build.0 = Debug|Any CPU
		{4F7EC6A5-6048-4FB7-B76E-1BC045857145}.Debug|Mixed Platforms.ActiveCfg = Debug|Any CPU
		{4F7EC6A5-6048-4FB7-B76E-1BC045857145}.Debug|Mixed Platforms.Build.0 = Debug|Any CPU
		{4F7EC6A5-6048-4FB7-B76E-1BC045857145}.DL Server Deployment|.NET.ActiveCfg = Debug|Any CPU
		{4F7EC6A5-6048-4FB7-B76E-1BC045857145}.DL Server Deployment|Any CPU.ActiveCfg = Debug|Any CPU
		{4F7EC6A5-6048-4FB7-B76E-1BC045857145}.DL Server Deployment|Any CPU.Build.0 = Debug|Any CPU
		{4F7EC6A5-6048-4FB7-B76E-1BC045857145}.DL Server Deployment|Mixed Platforms.ActiveCfg = Debug|Any CPU
		{4F7EC6A5-6048-4FB7-B76E-1BC045857145}.DL Server Deployment|Mixed Platforms.Build.0 = Debug|Any CPU
		{4F7EC6A5-6048-4FB7-B76E-1BC045857145}.Local deployment|.NET.ActiveCfg = Release|Any CPU
		{4F7EC6A5-6048-4FB7-B76E-1BC045857145}.Local deployment|Any CPU.ActiveCfg = Release|Any CPU
		{4F7EC6A5-6048-4FB7-B76E-1BC045857145}.Local deployment|Any CPU.Build.0 = Release|Any CPU
		{4F7EC6A5-6048-4FB7-B76E-1BC045857145}.Local deployment|Mixed Platforms.ActiveCfg = Release|Any CPU
		{4F7EC6A5-6048-4FB7-B76E-1BC045857145}.Local deployment|Mixed Platforms.Build.0 = Release|Any CPU
		{4F7EC6A5-6048-4FB7-B76E-1BC045857145}.Release|.NET.ActiveCfg = Release|Any CPU
		{4F7EC6A5-6048-4FB7-B76E-1BC045857145}.Release|Any CPU.ActiveCfg = Release|Any CPU
		{4F7EC6A5-6048-4FB7-B76E-1BC045857145}.Release|Any CPU.Build.0 = Release|Any CPU
		{4F7EC6A5-6048-4FB7-B76E-1BC045857145}.Release|Mixed Platforms.ActiveCfg = Release|Any CPU
		{4F7EC6A5-6048-4FB7-B76E-1BC045857145}.Release|Mixed Platforms.Build.0 = Release|Any CPU
		{2212CEDF-8C0C-4D25-B80B-9D96B1589CA2}.Debug|.NET.ActiveCfg = Debug|Any CPU
		{2212CEDF-8C0C-4D25-B80B-9D96B1589CA2}.Debug|Any CPU.ActiveCfg = Debug|Any CPU
		{2212CEDF-8C0C-4D25-B80B-9D96B1589CA2}.Debug|Any CPU.Build.0 = Debug|Any CPU
		{2212CEDF-8C0C-4D25-B80B-9D96B1589CA2}.Debug|Mixed Platforms.ActiveCfg = Debug|Any CPU
		{2212CEDF-8C0C-4D25-B80B-9D96B1589CA2}.Debug|Mixed Platforms.Build.0 = Debug|Any CPU
		{2212CEDF-8C0C-4D25-B80B-9D96B1589CA2}.DL Server Deployment|.NET.ActiveCfg = Debug|Any CPU
		{2212CEDF-8C0C-4D25-B80B-9D96B1589CA2}.DL Server Deployment|Any CPU.ActiveCfg = Debug|Any CPU
		{2212CEDF-8C0C-4D25-B80B-9D96B1589CA2}.DL Server Deployment|Any CPU.Build.0 = Debug|Any CPU
		{2212CEDF-8C0C-4D25-B80B-9D96B1589CA2}.DL Server Deployment|Mixed Platforms.ActiveCfg = Debug|Any CPU
		{2212CEDF-8C0C-4D25-B80B-9D96B1589CA2}.DL Server Deployment|Mixed Platforms.Build.0 = Debug|Any CPU
		{2212CEDF-8C0C-4D25-B80B-9D96B1589CA2}.Local deployment|.NET.ActiveCfg = Release|Any CPU
		{2212CEDF-8C0C-4D25-B80B-9D96B1589CA2}.Local deployment|Any CPU.ActiveCfg = Release|Any CPU
		{2212CEDF-8C0C-4D25-B80B-9D96B1589CA2}.Local deployment|Any CPU.Build.0 = Release|Any CPU
		{2212CEDF-8C0C-4D25-B80B-9D96B1589CA2}.Local deployment|Mixed Platforms.ActiveCfg = Release|Any CPU
		{2212CEDF-8C0C-4D25-B80B-9D96B1589CA2}.Local deployment|Mixed Platforms.Build.0 = Release|Any CPU
		{2212CEDF-8C0C-4D25-B80B-9D96B1589CA2}.Release|.NET.ActiveCfg = Release|Any CPU
		{2212CEDF-8C0C-4D25-B80B-9D96B1589CA2}.Release|Any CPU.ActiveCfg = Release|Any CPU
		{2212CEDF-8C0C-4D25-B80B-9D96B1589CA2}.Release|Any CPU.Build.0 = Release|Any CPU
		{2212CEDF-8C0C-4D25-B80B-9D96B1589CA2}.Release|Mixed Platforms.ActiveCfg = Release|Any CPU
		{2212CEDF-8C0C-4D25-B80B-9D96B1589CA2}.Release|Mixed Platforms.Build.0 = Release|Any CPU
		{C76C97D0-BE58-46C4-9B27-F3E6AB5EAE8E}.Debug|.NET.ActiveCfg = Debug|Any CPU
		{C76C97D0-BE58-46C4-9B27-F3E6AB5EAE8E}.Debug|Any CPU.ActiveCfg = Debug|Any CPU
		{C76C97D0-BE58-46C4-9B27-F3E6AB5EAE8E}.Debug|Any CPU.Build.0 = Debug|Any CPU
		{C76C97D0-BE58-46C4-9B27-F3E6AB5EAE8E}.Debug|Mixed Platforms.ActiveCfg = Debug|Any CPU
		{C76C97D0-BE58-46C4-9B27-F3E6AB5EAE8E}.Debug|Mixed Platforms.Build.0 = Debug|Any CPU
		{C76C97D0-BE58-46C4-9B27-F3E6AB5EAE8E}.DL Server Deployment|.NET.ActiveCfg = Debug|Any CPU
		{C76C97D0-BE58-46C4-9B27-F3E6AB5EAE8E}.DL Server Deployment|Any CPU.ActiveCfg = Debug|Any CPU
		{C76C97D0-BE58-46C4-9B27-F3E6AB5EAE8E}.DL Server Deployment|Any CPU.Build.0 = Debug|Any CPU
		{C76C97D0-BE58-46C4-9B27-F3E6AB5EAE8E}.DL Server Deployment|Mixed Platforms.ActiveCfg = Debug|Any CPU
		{C76C97D0-BE58-46C4-9B27-F3E6AB5EAE8E}.DL Server Deployment|Mixed Platforms.Build.0 = Debug|Any CPU
		{C76C97D0-BE58-46C4-9B27-F3E6AB5EAE8E}.Local deployment|.NET.ActiveCfg = Release|Any CPU
		{C76C97D0-BE58-46C4-9B27-F3E6AB5EAE8E}.Local deployment|Any CPU.ActiveCfg = Release|Any CPU
		{C76C97D0-BE58-46C4-9B27-F3E6AB5EAE8E}.Local deployment|Any CPU.Build.0 = Release|Any CPU
		{C76C97D0-BE58-46C4-9B27-F3E6AB5EAE8E}.Local deployment|Mixed Platforms.ActiveCfg = Release|Any CPU
		{C76C97D0-BE58-46C4-9B27-F3E6AB5EAE8E}.Local deployment|Mixed Platforms.Build.0 = Release|Any CPU
		{C76C97D0-BE58-46C4-9B27-F3E6AB5EAE8E}.Release|.NET.ActiveCfg = Release|Any CPU
		{C76C97D0-BE58-46C4-9B27-F3E6AB5EAE8E}.Release|Any CPU.ActiveCfg = Release|Any CPU
		{C76C97D0-BE58-46C4-9B27-F3E6AB5EAE8E}.Release|Any CPU.Build.0 = Release|Any CPU
		{C76C97D0-BE58-46C4-9B27-F3E6AB5EAE8E}.Release|Mixed Platforms.ActiveCfg = Release|Any CPU
		{C76C97D0-BE58-46C4-9B27-F3E6AB5EAE8E}.Release|Mixed Platforms.Build.0 = Release|Any CPU
		{2653FB6B-9E76-45B3-94D4-BBDC56B6D68F}.Debug|.NET.ActiveCfg = Debug|Any CPU
		{2653FB6B-9E76-45B3-94D4-BBDC56B6D68F}.Debug|Any CPU.ActiveCfg = Debug|Any CPU
		{2653FB6B-9E76-45B3-94D4-BBDC56B6D68F}.Debug|Any CPU.Build.0 = Debug|Any CPU
		{2653FB6B-9E76-45B3-94D4-BBDC56B6D68F}.Debug|Mixed Platforms.ActiveCfg = Debug|Any CPU
		{2653FB6B-9E76-45B3-94D4-BBDC56B6D68F}.Debug|Mixed Platforms.Build.0 = Debug|Any CPU
		{2653FB6B-9E76-45B3-94D4-BBDC56B6D68F}.DL Server Deployment|.NET.ActiveCfg = Debug|Any CPU
		{2653FB6B-9E76-45B3-94D4-BBDC56B6D68F}.DL Server Deployment|Any CPU.ActiveCfg = Debug|Any CPU
		{2653FB6B-9E76-45B3-94D4-BBDC56B6D68F}.DL Server Deployment|Any CPU.Build.0 = Debug|Any CPU
		{2653FB6B-9E76-45B3-94D4-BBDC56B6D68F}.DL Server Deployment|Mixed Platforms.ActiveCfg = Debug|Any CPU
		{2653FB6B-9E76-45B3-94D4-BBDC56B6D68F}.DL Server Deployment|Mixed Platforms.Build.0 = Debug|Any CPU
		{2653FB6B-9E76-45B3-94D4-BBDC56B6D68F}.Local deployment|.NET.ActiveCfg = Release|Any CPU
		{2653FB6B-9E76-45B3-94D4-BBDC56B6D68F}.Local deployment|Any CPU.ActiveCfg = Release|Any CPU
		{2653FB6B-9E76-45B3-94D4-BBDC56B6D68F}.Local deployment|Any CPU.Build.0 = Release|Any CPU
		{2653FB6B-9E76-45B3-94D4-BBDC56B6D68F}.Local deployment|Mixed Platforms.ActiveCfg = Release|Any CPU
		{2653FB6B-9E76-45B3-94D4-BBDC56B6D68F}.Local deployment|Mixed Platforms.Build.0 = Release|Any CPU
		{2653FB6B-9E76-45B3-94D4-BBDC56B6D68F}.Release|.NET.ActiveCfg = Release|Any CPU
		{2653FB6B-9E76-45B3-94D4-BBDC56B6D68F}.Release|Any CPU.ActiveCfg = Release|Any CPU
		{2653FB6B-9E76-45B3-94D4-BBDC56B6D68F}.Release|Any CPU.Build.0 = Release|Any CPU
		{2653FB6B-9E76-45B3-94D4-BBDC56B6D68F}.Release|Mixed Platforms.ActiveCfg = Release|Any CPU
		{2653FB6B-9E76-45B3-94D4-BBDC56B6D68F}.Release|Mixed Platforms.Build.0 = Release|Any CPU
		{F57F9879-F75B-447E-A523-FF3F95A99801}.Debug|.NET.ActiveCfg = Debug|Any CPU
		{F57F9879-F75B-447E-A523-FF3F95A99801}.Debug|Any CPU.ActiveCfg = Debug|Any CPU
		{F57F9879-F75B-447E-A523-FF3F95A99801}.Debug|Mixed Platforms.ActiveCfg = Debug|Any CPU
		{F57F9879-F75B-447E-A523-FF3F95A99801}.Debug|Mixed Platforms.Build.0 = Debug|Any CPU
		{F57F9879-F75B-447E-A523-FF3F95A99801}.DL Server Deployment|.NET.ActiveCfg = Debug|Any CPU
		{F57F9879-F75B-447E-A523-FF3F95A99801}.DL Server Deployment|Any CPU.ActiveCfg = Debug|Any CPU
		{F57F9879-F75B-447E-A523-FF3F95A99801}.DL Server Deployment|Any CPU.Build.0 = Debug|Any CPU
		{F57F9879-F75B-447E-A523-FF3F95A99801}.DL Server Deployment|Mixed Platforms.ActiveCfg = Debug|Any CPU
		{F57F9879-F75B-447E-A523-FF3F95A99801}.DL Server Deployment|Mixed Platforms.Build.0 = Debug|Any CPU
		{F57F9879-F75B-447E-A523-FF3F95A99801}.Local deployment|.NET.ActiveCfg = Release|Any CPU
		{F57F9879-F75B-447E-A523-FF3F95A99801}.Local deployment|Any CPU.ActiveCfg = Release|Any CPU
		{F57F9879-F75B-447E-A523-FF3F95A99801}.Local deployment|Any CPU.Build.0 = Release|Any CPU
		{F57F9879-F75B-447E-A523-FF3F95A99801}.Local deployment|Mixed Platforms.ActiveCfg = Release|Any CPU
		{F57F9879-F75B-447E-A523-FF3F95A99801}.Local deployment|Mixed Platforms.Build.0 = Release|Any CPU
		{F57F9879-F75B-447E-A523-FF3F95A99801}.Release|.NET.ActiveCfg = Release|Any CPU
		{F57F9879-F75B-447E-A523-FF3F95A99801}.Release|Any CPU.ActiveCfg = Release|Any CPU
		{F57F9879-F75B-447E-A523-FF3F95A99801}.Release|Mixed Platforms.ActiveCfg = Release|Any CPU
		{F57F9879-F75B-447E-A523-FF3F95A99801}.Release|Mixed Platforms.Build.0 = Release|Any CPU
		{38548097-B909-4682-A9F3-A33719A38CC6}.Debug|.NET.ActiveCfg = Debug|Any CPU
		{38548097-B909-4682-A9F3-A33719A38CC6}.Debug|Any CPU.ActiveCfg = Debug|Any CPU
		{38548097-B909-4682-A9F3-A33719A38CC6}.Debug|Any CPU.Build.0 = Debug|Any CPU
		{38548097-B909-4682-A9F3-A33719A38CC6}.Debug|Mixed Platforms.ActiveCfg = Debug|Any CPU
		{38548097-B909-4682-A9F3-A33719A38CC6}.Debug|Mixed Platforms.Build.0 = Debug|Any CPU
		{38548097-B909-4682-A9F3-A33719A38CC6}.DL Server Deployment|.NET.ActiveCfg = Debug|Any CPU
		{38548097-B909-4682-A9F3-A33719A38CC6}.DL Server Deployment|Any CPU.ActiveCfg = Debug|Any CPU
		{38548097-B909-4682-A9F3-A33719A38CC6}.DL Server Deployment|Any CPU.Build.0 = Debug|Any CPU
		{38548097-B909-4682-A9F3-A33719A38CC6}.DL Server Deployment|Mixed Platforms.ActiveCfg = Debug|Any CPU
		{38548097-B909-4682-A9F3-A33719A38CC6}.DL Server Deployment|Mixed Platforms.Build.0 = Debug|Any CPU
		{38548097-B909-4682-A9F3-A33719A38CC6}.Local deployment|.NET.ActiveCfg = Release|Any CPU
		{38548097-B909-4682-A9F3-A33719A38CC6}.Local deployment|Any CPU.ActiveCfg = Release|Any CPU
		{38548097-B909-4682-A9F3-A33719A38CC6}.Local deployment|Any CPU.Build.0 = Release|Any CPU
		{38548097-B909-4682-A9F3-A33719A38CC6}.Local deployment|Mixed Platforms.ActiveCfg = Release|Any CPU
		{38548097-B909-4682-A9F3-A33719A38CC6}.Local deployment|Mixed Platforms.Build.0 = Release|Any CPU
		{38548097-B909-4682-A9F3-A33719A38CC6}.Release|.NET.ActiveCfg = Release|Any CPU
		{38548097-B909-4682-A9F3-A33719A38CC6}.Release|Any CPU.ActiveCfg = Release|Any CPU
		{38548097-B909-4682-A9F3-A33719A38CC6}.Release|Any CPU.Build.0 = Release|Any CPU
		{38548097-B909-4682-A9F3-A33719A38CC6}.Release|Mixed Platforms.ActiveCfg = Release|Any CPU
		{38548097-B909-4682-A9F3-A33719A38CC6}.Release|Mixed Platforms.Build.0 = Release|Any CPU
		{F919C042-6130-4EE7-9C24-743947E63B4D}.Debug|.NET.ActiveCfg = Debug|Any CPU
		{F919C042-6130-4EE7-9C24-743947E63B4D}.Debug|Any CPU.ActiveCfg = Debug|Any CPU
		{F919C042-6130-4EE7-9C24-743947E63B4D}.Debug|Any CPU.Build.0 = Debug|Any CPU
		{F919C042-6130-4EE7-9C24-743947E63B4D}.Debug|Mixed Platforms.ActiveCfg = Debug|Any CPU
		{F919C042-6130-4EE7-9C24-743947E63B4D}.Debug|Mixed Platforms.Build.0 = Debug|Any CPU
		{F919C042-6130-4EE7-9C24-743947E63B4D}.DL Server Deployment|.NET.ActiveCfg = Debug|Any CPU
		{F919C042-6130-4EE7-9C24-743947E63B4D}.DL Server Deployment|Any CPU.ActiveCfg = Debug|Any CPU
		{F919C042-6130-4EE7-9C24-743947E63B4D}.DL Server Deployment|Any CPU.Build.0 = Debug|Any CPU
		{F919C042-6130-4EE7-9C24-743947E63B4D}.DL Server Deployment|Mixed Platforms.ActiveCfg = Debug|Any CPU
		{F919C042-6130-4EE7-9C24-743947E63B4D}.DL Server Deployment|Mixed Platforms.Build.0 = Debug|Any CPU
		{F919C042-6130-4EE7-9C24-743947E63B4D}.Local deployment|.NET.ActiveCfg = Release|Any CPU
		{F919C042-6130-4EE7-9C24-743947E63B4D}.Local deployment|Any CPU.ActiveCfg = Release|Any CPU
		{F919C042-6130-4EE7-9C24-743947E63B4D}.Local deployment|Any CPU.Build.0 = Release|Any CPU
		{F919C042-6130-4EE7-9C24-743947E63B4D}.Local deployment|Mixed Platforms.ActiveCfg = Release|Any CPU
		{F919C042-6130-4EE7-9C24-743947E63B4D}.Local deployment|Mixed Platforms.Build.0 = Release|Any CPU
		{F919C042-6130-4EE7-9C24-743947E63B4D}.Release|.NET.ActiveCfg = Release|Any CPU
		{F919C042-6130-4EE7-9C24-743947E63B4D}.Release|Any CPU.ActiveCfg = Release|Any CPU
		{F919C042-6130-4EE7-9C24-743947E63B4D}.Release|Any CPU.Build.0 = Release|Any CPU
		{F919C042-6130-4EE7-9C24-743947E63B4D}.Release|Mixed Platforms.ActiveCfg = Release|Any CPU
		{F919C042-6130-4EE7-9C24-743947E63B4D}.Release|Mixed Platforms.Build.0 = Release|Any CPU
		{95F250AA-5E8C-4FD6-93B4-7497C6991394}.Debug|.NET.ActiveCfg = Debug|Any CPU
		{95F250AA-5E8C-4FD6-93B4-7497C6991394}.Debug|Any CPU.ActiveCfg = Debug|Any CPU
		{95F250AA-5E8C-4FD6-93B4-7497C6991394}.Debug|Any CPU.Build.0 = Debug|Any CPU
		{95F250AA-5E8C-4FD6-93B4-7497C6991394}.Debug|Mixed Platforms.ActiveCfg = Debug|Any CPU
		{95F250AA-5E8C-4FD6-93B4-7497C6991394}.Debug|Mixed Platforms.Build.0 = Debug|Any CPU
		{95F250AA-5E8C-4FD6-93B4-7497C6991394}.DL Server Deployment|.NET.ActiveCfg = Debug|Any CPU
		{95F250AA-5E8C-4FD6-93B4-7497C6991394}.DL Server Deployment|Any CPU.ActiveCfg = Debug|Any CPU
		{95F250AA-5E8C-4FD6-93B4-7497C6991394}.DL Server Deployment|Any CPU.Build.0 = Debug|Any CPU
		{95F250AA-5E8C-4FD6-93B4-7497C6991394}.DL Server Deployment|Mixed Platforms.ActiveCfg = Debug|Any CPU
		{95F250AA-5E8C-4FD6-93B4-7497C6991394}.DL Server Deployment|Mixed Platforms.Build.0 = Debug|Any CPU
		{95F250AA-5E8C-4FD6-93B4-7497C6991394}.Local deployment|.NET.ActiveCfg = Release|Any CPU
		{95F250AA-5E8C-4FD6-93B4-7497C6991394}.Local deployment|Any CPU.ActiveCfg = Release|Any CPU
		{95F250AA-5E8C-4FD6-93B4-7497C6991394}.Local deployment|Any CPU.Build.0 = Release|Any CPU
		{95F250AA-5E8C-4FD6-93B4-7497C6991394}.Local deployment|Mixed Platforms.ActiveCfg = Release|Any CPU
		{95F250AA-5E8C-4FD6-93B4-7497C6991394}.Local deployment|Mixed Platforms.Build.0 = Release|Any CPU
		{95F250AA-5E8C-4FD6-93B4-7497C6991394}.Release|.NET.ActiveCfg = Release|Any CPU
		{95F250AA-5E8C-4FD6-93B4-7497C6991394}.Release|Any CPU.ActiveCfg = Release|Any CPU
		{95F250AA-5E8C-4FD6-93B4-7497C6991394}.Release|Any CPU.Build.0 = Release|Any CPU
		{95F250AA-5E8C-4FD6-93B4-7497C6991394}.Release|Mixed Platforms.ActiveCfg = Release|Any CPU
		{95F250AA-5E8C-4FD6-93B4-7497C6991394}.Release|Mixed Platforms.Build.0 = Release|Any CPU
		{26EAB178-6730-4B47-8514-C7926D2C7A11}.Debug|.NET.ActiveCfg = Debug|Any CPU
		{26EAB178-6730-4B47-8514-C7926D2C7A11}.Debug|Any CPU.ActiveCfg = Debug|Any CPU
		{26EAB178-6730-4B47-8514-C7926D2C7A11}.Debug|Any CPU.Build.0 = Debug|Any CPU
		{26EAB178-6730-4B47-8514-C7926D2C7A11}.Debug|Mixed Platforms.ActiveCfg = Debug|Any CPU
		{26EAB178-6730-4B47-8514-C7926D2C7A11}.Debug|Mixed Platforms.Build.0 = Debug|Any CPU
		{26EAB178-6730-4B47-8514-C7926D2C7A11}.DL Server Deployment|.NET.ActiveCfg = Debug|Any CPU
		{26EAB178-6730-4B47-8514-C7926D2C7A11}.DL Server Deployment|Any CPU.ActiveCfg = Debug|Any CPU
		{26EAB178-6730-4B47-8514-C7926D2C7A11}.DL Server Deployment|Any CPU.Build.0 = Debug|Any CPU
		{26EAB178-6730-4B47-8514-C7926D2C7A11}.DL Server Deployment|Mixed Platforms.ActiveCfg = Debug|Any CPU
		{26EAB178-6730-4B47-8514-C7926D2C7A11}.DL Server Deployment|Mixed Platforms.Build.0 = Debug|Any CPU
		{26EAB178-6730-4B47-8514-C7926D2C7A11}.Local deployment|.NET.ActiveCfg = Release|Any CPU
		{26EAB178-6730-4B47-8514-C7926D2C7A11}.Local deployment|Any CPU.ActiveCfg = Release|Any CPU
		{26EAB178-6730-4B47-8514-C7926D2C7A11}.Local deployment|Any CPU.Build.0 = Release|Any CPU
		{26EAB178-6730-4B47-8514-C7926D2C7A11}.Local deployment|Mixed Platforms.ActiveCfg = Release|Any CPU
		{26EAB178-6730-4B47-8514-C7926D2C7A11}.Local deployment|Mixed Platforms.Build.0 = Release|Any CPU
		{26EAB178-6730-4B47-8514-C7926D2C7A11}.Release|.NET.ActiveCfg = Release|Any CPU
		{26EAB178-6730-4B47-8514-C7926D2C7A11}.Release|Any CPU.ActiveCfg = Release|Any CPU
		{26EAB178-6730-4B47-8514-C7926D2C7A11}.Release|Any CPU.Build.0 = Release|Any CPU
		{26EAB178-6730-4B47-8514-C7926D2C7A11}.Release|Mixed Platforms.ActiveCfg = Release|Any CPU
		{26EAB178-6730-4B47-8514-C7926D2C7A11}.Release|Mixed Platforms.Build.0 = Release|Any CPU
		{08BB3289-C88F-4F23-A021-52BFE895FAC8}.Debug|.NET.ActiveCfg = Debug|Any CPU
		{08BB3289-C88F-4F23-A021-52BFE895FAC8}.Debug|Any CPU.ActiveCfg = Debug|Any CPU
		{08BB3289-C88F-4F23-A021-52BFE895FAC8}.Debug|Any CPU.Build.0 = Debug|Any CPU
		{08BB3289-C88F-4F23-A021-52BFE895FAC8}.Debug|Mixed Platforms.ActiveCfg = Debug|Any CPU
		{08BB3289-C88F-4F23-A021-52BFE895FAC8}.Debug|Mixed Platforms.Build.0 = Debug|Any CPU
		{08BB3289-C88F-4F23-A021-52BFE895FAC8}.DL Server Deployment|.NET.ActiveCfg = Debug|Any CPU
		{08BB3289-C88F-4F23-A021-52BFE895FAC8}.DL Server Deployment|Any CPU.ActiveCfg = Debug|Any CPU
		{08BB3289-C88F-4F23-A021-52BFE895FAC8}.DL Server Deployment|Any CPU.Build.0 = Debug|Any CPU
		{08BB3289-C88F-4F23-A021-52BFE895FAC8}.DL Server Deployment|Mixed Platforms.ActiveCfg = Debug|Any CPU
		{08BB3289-C88F-4F23-A021-52BFE895FAC8}.DL Server Deployment|Mixed Platforms.Build.0 = Debug|Any CPU
		{08BB3289-C88F-4F23-A021-52BFE895FAC8}.Local deployment|.NET.ActiveCfg = Release|Any CPU
		{08BB3289-C88F-4F23-A021-52BFE895FAC8}.Local deployment|Any CPU.ActiveCfg = Release|Any CPU
		{08BB3289-C88F-4F23-A021-52BFE895FAC8}.Local deployment|Any CPU.Build.0 = Release|Any CPU
		{08BB3289-C88F-4F23-A021-52BFE895FAC8}.Local deployment|Mixed Platforms.ActiveCfg = Release|Any CPU
		{08BB3289-C88F-4F23-A021-52BFE895FAC8}.Local deployment|Mixed Platforms.Build.0 = Release|Any CPU
		{08BB3289-C88F-4F23-A021-52BFE895FAC8}.Release|.NET.ActiveCfg = Release|Any CPU
		{08BB3289-C88F-4F23-A021-52BFE895FAC8}.Release|Any CPU.ActiveCfg = Release|Any CPU
		{08BB3289-C88F-4F23-A021-52BFE895FAC8}.Release|Any CPU.Build.0 = Release|Any CPU
		{08BB3289-C88F-4F23-A021-52BFE895FAC8}.Release|Mixed Platforms.ActiveCfg = Release|Any CPU
		{08BB3289-C88F-4F23-A021-52BFE895FAC8}.Release|Mixed Platforms.Build.0 = Release|Any CPU
	EndGlobalSection
	GlobalSection(SolutionProperties) = preSolution
		HideSolutionNode = FALSE
	EndGlobalSection
EndGlobal
